
Microsoft Visual Studio Solution File, Format Version 12.00
# Visual Studio Version 17
VisualStudioVersion = 17.5.33502.453
MinimumVisualStudioVersion = 10.0.40219.1
Project("{FAE04EC0-301F-11D3-BF4B-00C04F79EFBC}") = "MvcasyncProject", "MvcasyncProject\MvcasyncProject.csproj", "{44027C8C-E7B1-439F-83C1-5D0484695963}"
EndProject
Global
	GlobalSection(SolutionConfigurationPlatforms) = preSolution
		Debug|Any CPU = Debug|Any CPU
		Release|Any CPU = Release|Any CPU
	EndGlobalSection
	GlobalSection(ProjectConfigurationPlatforms) = postSolution
		{44027C8C-E7B1-439F-83C1-5D0484695963}.Debug|Any CPU.ActiveCfg = Debug|Any CPU
		{44027C8C-E7B1-439F-83C1-5D0484695963}.Debug|Any CPU.Build.0 = Debug|Any CPU
		{44027C8C-E7B1-439F-83C1-5D0484695963}.Release|Any CPU.ActiveCfg = Release|Any CPU
		{44027C8C-E7B1-439F-83C1-5D0484695963}.Release|Any CPU.Build.0 = Release|Any CPU
	EndGlobalSection
	GlobalSection(SolutionProperties) = preSolution
		HideSolutionNode = FALSE
	EndGlobalSection
	GlobalSection(ExtensibilityGlobals) = postSolution
		SolutionGuid = {2D7BB34F-7748-460B-9F37-EED145FF9C60}
	EndGlobalSection
EndGlobal
